// !$*UTF8*$!
{
	archiveVersion = 1;
	classes = {
	};
	objectVersion = 55;
	objects = {

/* Begin PBXBuildFile section */
		3A78AB1E279410E80032270C /* AppDelegate.swift in Sources */ = {isa = PBXBuildFile; fileRef = 3A78AB1D279410E80032270C /* AppDelegate.swift */; };
		3A78AB20279410E80032270C /* SceneDelegate.swift in Sources */ = {isa = PBXBuildFile; fileRef = 3A78AB1F279410E80032270C /* SceneDelegate.swift */; };
		3A78AB22279410E80032270C /* MainViewController.swift in Sources */ = {isa = PBXBuildFile; fileRef = 3A78AB21279410E80032270C /* MainViewController.swift */; };
		3A78AB27279410EF0032270C /* Assets.xcassets in Resources */ = {isa = PBXBuildFile; fileRef = 3A78AB26279410EF0032270C /* Assets.xcassets */; };
		3A78AB2A279410EF0032270C /* LaunchScreen.storyboard in Resources */ = {isa = PBXBuildFile; fileRef = 3A78AB28279410EF0032270C /* LaunchScreen.storyboard */; };
		3A78AB39279458DB0032270C /* UIFont + Extensions.swift in Sources */ = {isa = PBXBuildFile; fileRef = 3A78AB38279458DB0032270C /* UIFont + Extensions.swift */; };
		3A78AB3B279458F30032270C /* UIView + Extensions.swift in Sources */ = {isa = PBXBuildFile; fileRef = 3A78AB3A279458F30032270C /* UIView + Extensions.swift */; };
		3A78AB3D2794590A0032270C /* UIColor + Extensions.swift in Sources */ = {isa = PBXBuildFile; fileRef = 3A78AB3C2794590A0032270C /* UIColor + Extensions.swift */; };
		3A78AB3F279459210032270C /* UIStackView + Extensions.swift in Sources */ = {isa = PBXBuildFile; fileRef = 3A78AB3E279459210032270C /* UIStackView + Extensions.swift */; };
		3A78AB4227945F9C0032270C /* Roboto-Medium.ttf in Resources */ = {isa = PBXBuildFile; fileRef = 3A78AB4127945F9C0032270C /* Roboto-Medium.ttf */; };
		3A78AB4427945FAA0032270C /* Roboto-Bold.ttf in Resources */ = {isa = PBXBuildFile; fileRef = 3A78AB4327945FAA0032270C /* Roboto-Bold.ttf */; };
		3A78AB47279493B50032270C /* CalendarView.swift in Sources */ = {isa = PBXBuildFile; fileRef = 3A78AB46279493B40032270C /* CalendarView.swift */; };
		3A78AB4A2794A3770032270C /* CalendarCollectionViewCell.swift in Sources */ = {isa = PBXBuildFile; fileRef = 3A78AB492794A3770032270C /* CalendarCollectionViewCell.swift */; };
		3A78AB4C279746FD0032270C /* WeatherView.swift in Sources */ = {isa = PBXBuildFile; fileRef = 3A78AB4B279746FD0032270C /* WeatherView.swift */; };
		3A78AB4E27974BEE0032270C /* WorkoutTableViewCell.swift in Sources */ = {isa = PBXBuildFile; fileRef = 3A78AB4D27974BEE0032270C /* WorkoutTableViewCell.swift */; };
		3A78AB50279752180032270C /* UILabel + Extensions.swift in Sources */ = {isa = PBXBuildFile; fileRef = 3A78AB4F279752170032270C /* UILabel + Extensions.swift */; };
		3A78AB532797529D0032270C /* DateAndRepeatView.swift in Sources */ = {isa = PBXBuildFile; fileRef = 3A78AB522797529D0032270C /* DateAndRepeatView.swift */; };
		3A78AB55279753DE0032270C /* RepsOrTimerView.swift in Sources */ = {isa = PBXBuildFile; fileRef = 3A78AB54279753DE0032270C /* RepsOrTimerView.swift */; };
		3A78AB572797E7080032270C /* NewWorkoutViewController.swift in Sources */ = {isa = PBXBuildFile; fileRef = 3A78AB562797E7070032270C /* NewWorkoutViewController.swift */; };
		3A78AB59279807230032270C /* MainTabBarController.swift in Sources */ = {isa = PBXBuildFile; fileRef = 3A78AB58279807230032270C /* MainTabBarController.swift */; };
		3A78AB5B2798079A0032270C /* StatisticViewController.swift in Sources */ = {isa = PBXBuildFile; fileRef = 3A78AB5A2798079A0032270C /* StatisticViewController.swift */; };
		3A78AB5D279807A90032270C /* ProfileViewController.swift in Sources */ = {isa = PBXBuildFile; fileRef = 3A78AB5C279807A90032270C /* ProfileViewController.swift */; };
		3A78AB61279864240032270C /* RepsWorkoutViewController.swift in Sources */ = {isa = PBXBuildFile; fileRef = 3A78AB60279864240032270C /* RepsWorkoutViewController.swift */; };
		3AE8968527A54CFB00D2DE7B /* Realm in Frameworks */ = {isa = PBXBuildFile; productRef = 3AE8968427A54CFB00D2DE7B /* Realm */; };
		3AE8968727A54CFB00D2DE7B /* RealmSwift in Frameworks */ = {isa = PBXBuildFile; productRef = 3AE8968627A54CFB00D2DE7B /* RealmSwift */; };
		3AE8968927A552E100D2DE7B /* WorkoutModel.swift in Sources */ = {isa = PBXBuildFile; fileRef = 3AE8968827A552E100D2DE7B /* WorkoutModel.swift */; };
		3AE8968C27A562B000D2DE7B /* RealmManager.swift in Sources */ = {isa = PBXBuildFile; fileRef = 3AE8968B27A562B000D2DE7B /* RealmManager.swift */; };
		3AE8968E27A5707700D2DE7B /* SimpleAlert.swift in Sources */ = {isa = PBXBuildFile; fileRef = 3AE8968D27A5707700D2DE7B /* SimpleAlert.swift */; };
		3AE8969127A6621600D2DE7B /* WorkoutParametersView.swift in Sources */ = {isa = PBXBuildFile; fileRef = 3AE8969027A6621600D2DE7B /* WorkoutParametersView.swift */; };
		3AE8969427A662DB00D2DE7B /* OkCancelAlert.swift in Sources */ = {isa = PBXBuildFile; fileRef = 3AE8969327A662DB00D2DE7B /* OkCancelAlert.swift */; };
		3AE8969627A6EBF500D2DE7B /* Date + Extensions.swift in Sources */ = {isa = PBXBuildFile; fileRef = 3AE8969527A6EBF500D2DE7B /* Date + Extensions.swift */; };
		3AE8969827A704B100D2DE7B /* CustomAlert.swift in Sources */ = {isa = PBXBuildFile; fileRef = 3AE8969727A704B100D2DE7B /* CustomAlert.swift */; };
		3AE8969A27A87A9500D2DE7B /* TimerWorkoutViewController.swift in Sources */ = {isa = PBXBuildFile; fileRef = 3AE8969927A87A9500D2DE7B /* TimerWorkoutViewController.swift */; };
		3AE8969C27A87B1300D2DE7B /* TimerWorkoutParametersView.swift in Sources */ = {isa = PBXBuildFile; fileRef = 3AE8969B27A87B1300D2DE7B /* TimerWorkoutParametersView.swift */; };
		3AE8969F27A87C0B00D2DE7B /* Int + Extensions.swift in Sources */ = {isa = PBXBuildFile; fileRef = 3AE8969E27A87C0B00D2DE7B /* Int + Extensions.swift */; };
		3AE896A127ADACD900D2DE7B /* StatisticTableViewCell.swift in Sources */ = {isa = PBXBuildFile; fileRef = 3AE896A027ADACD800D2DE7B /* StatisticTableViewCell.swift */; };
		3AE896A527ADB35200D2DE7B /* UserModel.swift in Sources */ = {isa = PBXBuildFile; fileRef = 3AE896A427ADB35200D2DE7B /* UserModel.swift */; };
		3AE896A727ADB38C00D2DE7B /* ProfileCollectionViewCell.swift in Sources */ = {isa = PBXBuildFile; fileRef = 3AE896A627ADB38C00D2DE7B /* ProfileCollectionViewCell.swift */; };
/* End PBXBuildFile section */

/* Begin PBXFileReference section */
		3A78AB1A279410E80032270C /* WorkOutApp.app */ = {isa = PBXFileReference; explicitFileType = wrapper.application; includeInIndex = 0; path = WorkOutApp.app; sourceTree = BUILT_PRODUCTS_DIR; };
		3A78AB1D279410E80032270C /* AppDelegate.swift */ = {isa = PBXFileReference; lastKnownFileType = sourcecode.swift; path = AppDelegate.swift; sourceTree = "<group>"; };
		3A78AB1F279410E80032270C /* SceneDelegate.swift */ = {isa = PBXFileReference; lastKnownFileType = sourcecode.swift; path = SceneDelegate.swift; sourceTree = "<group>"; };
		3A78AB21279410E80032270C /* MainViewController.swift */ = {isa = PBXFileReference; lastKnownFileType = sourcecode.swift; path = MainViewController.swift; sourceTree = "<group>"; };
		3A78AB26279410EF0032270C /* Assets.xcassets */ = {isa = PBXFileReference; lastKnownFileType = folder.assetcatalog; path = Assets.xcassets; sourceTree = "<group>"; };
		3A78AB29279410EF0032270C /* Base */ = {isa = PBXFileReference; lastKnownFileType = file.storyboard; name = Base; path = Base.lproj/LaunchScreen.storyboard; sourceTree = "<group>"; };
		3A78AB2B279410EF0032270C /* Info.plist */ = {isa = PBXFileReference; lastKnownFileType = text.plist.xml; path = Info.plist; sourceTree = "<group>"; };
		3A78AB38279458DB0032270C /* UIFont + Extensions.swift */ = {isa = PBXFileReference; lastKnownFileType = sourcecode.swift; path = "UIFont + Extensions.swift"; sourceTree = "<group>"; };
		3A78AB3A279458F30032270C /* UIView + Extensions.swift */ = {isa = PBXFileReference; lastKnownFileType = sourcecode.swift; path = "UIView + Extensions.swift"; sourceTree = "<group>"; };
		3A78AB3C2794590A0032270C /* UIColor + Extensions.swift */ = {isa = PBXFileReference; lastKnownFileType = sourcecode.swift; path = "UIColor + Extensions.swift"; sourceTree = "<group>"; };
		3A78AB3E279459210032270C /* UIStackView + Extensions.swift */ = {isa = PBXFileReference; lastKnownFileType = sourcecode.swift; path = "UIStackView + Extensions.swift"; sourceTree = "<group>"; };
		3A78AB4127945F9C0032270C /* Roboto-Medium.ttf */ = {isa = PBXFileReference; lastKnownFileType = file; path = "Roboto-Medium.ttf"; sourceTree = "<group>"; };
		3A78AB4327945FAA0032270C /* Roboto-Bold.ttf */ = {isa = PBXFileReference; lastKnownFileType = file; path = "Roboto-Bold.ttf"; sourceTree = "<group>"; };
		3A78AB46279493B40032270C /* CalendarView.swift */ = {isa = PBXFileReference; lastKnownFileType = sourcecode.swift; path = CalendarView.swift; sourceTree = "<group>"; };
		3A78AB492794A3770032270C /* CalendarCollectionViewCell.swift */ = {isa = PBXFileReference; lastKnownFileType = sourcecode.swift; path = CalendarCollectionViewCell.swift; sourceTree = "<group>"; };
		3A78AB4B279746FD0032270C /* WeatherView.swift */ = {isa = PBXFileReference; lastKnownFileType = sourcecode.swift; path = WeatherView.swift; sourceTree = "<group>"; };
		3A78AB4D27974BEE0032270C /* WorkoutTableViewCell.swift */ = {isa = PBXFileReference; lastKnownFileType = sourcecode.swift; path = WorkoutTableViewCell.swift; sourceTree = "<group>"; };
		3A78AB4F279752170032270C /* UILabel + Extensions.swift */ = {isa = PBXFileReference; lastKnownFileType = sourcecode.swift; path = "UILabel + Extensions.swift"; sourceTree = "<group>"; };
		3A78AB522797529D0032270C /* DateAndRepeatView.swift */ = {isa = PBXFileReference; lastKnownFileType = sourcecode.swift; path = DateAndRepeatView.swift; sourceTree = "<group>"; };
		3A78AB54279753DE0032270C /* RepsOrTimerView.swift */ = {isa = PBXFileReference; lastKnownFileType = sourcecode.swift; path = RepsOrTimerView.swift; sourceTree = "<group>"; };
		3A78AB562797E7070032270C /* NewWorkoutViewController.swift */ = {isa = PBXFileReference; lastKnownFileType = sourcecode.swift; path = NewWorkoutViewController.swift; sourceTree = "<group>"; };
		3A78AB58279807230032270C /* MainTabBarController.swift */ = {isa = PBXFileReference; lastKnownFileType = sourcecode.swift; path = MainTabBarController.swift; sourceTree = "<group>"; };
		3A78AB5A2798079A0032270C /* StatisticViewController.swift */ = {isa = PBXFileReference; lastKnownFileType = sourcecode.swift; path = StatisticViewController.swift; sourceTree = "<group>"; };
		3A78AB5C279807A90032270C /* ProfileViewController.swift */ = {isa = PBXFileReference; lastKnownFileType = sourcecode.swift; path = ProfileViewController.swift; sourceTree = "<group>"; };
		3A78AB60279864240032270C /* RepsWorkoutViewController.swift */ = {isa = PBXFileReference; lastKnownFileType = sourcecode.swift; path = RepsWorkoutViewController.swift; sourceTree = "<group>"; };
		3AE8968827A552E100D2DE7B /* WorkoutModel.swift */ = {isa = PBXFileReference; lastKnownFileType = sourcecode.swift; path = WorkoutModel.swift; sourceTree = "<group>"; };
		3AE8968B27A562B000D2DE7B /* RealmManager.swift */ = {isa = PBXFileReference; lastKnownFileType = sourcecode.swift; path = RealmManager.swift; sourceTree = "<group>"; };
		3AE8968D27A5707700D2DE7B /* SimpleAlert.swift */ = {isa = PBXFileReference; lastKnownFileType = sourcecode.swift; path = SimpleAlert.swift; sourceTree = "<group>"; };
		3AE8969027A6621600D2DE7B /* WorkoutParametersView.swift */ = {isa = PBXFileReference; lastKnownFileType = sourcecode.swift; path = WorkoutParametersView.swift; sourceTree = "<group>"; };
		3AE8969327A662DB00D2DE7B /* OkCancelAlert.swift */ = {isa = PBXFileReference; lastKnownFileType = sourcecode.swift; path = OkCancelAlert.swift; sourceTree = "<group>"; };
		3AE8969527A6EBF500D2DE7B /* Date + Extensions.swift */ = {isa = PBXFileReference; lastKnownFileType = sourcecode.swift; path = "Date + Extensions.swift"; sourceTree = "<group>"; };
		3AE8969727A704B100D2DE7B /* CustomAlert.swift */ = {isa = PBXFileReference; lastKnownFileType = sourcecode.swift; path = CustomAlert.swift; sourceTree = "<group>"; };
		3AE8969927A87A9500D2DE7B /* TimerWorkoutViewController.swift */ = {isa = PBXFileReference; lastKnownFileType = sourcecode.swift; path = TimerWorkoutViewController.swift; sourceTree = "<group>"; };
		3AE8969B27A87B1300D2DE7B /* TimerWorkoutParametersView.swift */ = {isa = PBXFileReference; lastKnownFileType = sourcecode.swift; path = TimerWorkoutParametersView.swift; sourceTree = "<group>"; };
		3AE8969E27A87C0B00D2DE7B /* Int + Extensions.swift */ = {isa = PBXFileReference; lastKnownFileType = sourcecode.swift; path = "Int + Extensions.swift"; sourceTree = "<group>"; };
		3AE896A027ADACD800D2DE7B /* StatisticTableViewCell.swift */ = {isa = PBXFileReference; lastKnownFileType = sourcecode.swift; path = StatisticTableViewCell.swift; sourceTree = "<group>"; };
		3AE896A427ADB35200D2DE7B /* UserModel.swift */ = {isa = PBXFileReference; lastKnownFileType = sourcecode.swift; path = UserModel.swift; sourceTree = "<group>"; };
		3AE896A627ADB38C00D2DE7B /* ProfileCollectionViewCell.swift */ = {isa = PBXFileReference; lastKnownFileType = sourcecode.swift; path = ProfileCollectionViewCell.swift; sourceTree = "<group>"; };
/* End PBXFileReference section */

/* Begin PBXFrameworksBuildPhase section */
		3A78AB17279410E80032270C /* Frameworks */ = {
			isa = PBXFrameworksBuildPhase;
			buildActionMask = 2147483647;
			files = (
				3AE8968727A54CFB00D2DE7B /* RealmSwift in Frameworks */,
				3AE8968527A54CFB00D2DE7B /* Realm in Frameworks */,
			);
			runOnlyForDeploymentPostprocessing = 0;
		};
/* End PBXFrameworksBuildPhase section */

/* Begin PBXGroup section */
		3A78AB11279410E80032270C = {
			isa = PBXGroup;
			children = (
				3A78AB1C279410E80032270C /* WorkOutApp */,
				3A78AB1B279410E80032270C /* Products */,
			);
			sourceTree = "<group>";
		};
		3A78AB1B279410E80032270C /* Products */ = {
			isa = PBXGroup;
			children = (
				3A78AB1A279410E80032270C /* WorkOutApp.app */,
			);
			name = Products;
			sourceTree = "<group>";
		};
		3A78AB1C279410E80032270C /* WorkOutApp */ = {
			isa = PBXGroup;
			children = (
				3A78AB31279456740032270C /* Application */,
				3A78AB32279456A10032270C /* Models */,
				3A78AB34279456D20032270C /* Views */,
				3A78AB33279456AA0032270C /* Controllers */,
				3AE8968A27A5628F00D2DE7B /* Services */,
				3A78AB35279457070032270C /* Extensions */,
				3A78AB37279457350032270C /* Resources */,
			);
			path = WorkOutApp;
			sourceTree = "<group>";
		};
		3A78AB31279456740032270C /* Application */ = {
			isa = PBXGroup;
			children = (
				3A78AB1D279410E80032270C /* AppDelegate.swift */,
				3A78AB1F279410E80032270C /* SceneDelegate.swift */,
			);
			path = Application;
			sourceTree = "<group>";
		};
		3A78AB32279456A10032270C /* Models */ = {
			isa = PBXGroup;
			children = (
				3AE8968827A552E100D2DE7B /* WorkoutModel.swift */,
				3AE896A427ADB35200D2DE7B /* UserModel.swift */,
			);
			path = Models;
			sourceTree = "<group>";
		};
		3A78AB33279456AA0032270C /* Controllers */ = {
			isa = PBXGroup;
			children = (
				3A78AB58279807230032270C /* MainTabBarController.swift */,
				3A78AB21279410E80032270C /* MainViewController.swift */,
				3A78AB562797E7070032270C /* NewWorkoutViewController.swift */,
				3A78AB60279864240032270C /* RepsWorkoutViewController.swift */,
				3AE8969927A87A9500D2DE7B /* TimerWorkoutViewController.swift */,
				3A78AB5A2798079A0032270C /* StatisticViewController.swift */,
				3A78AB5C279807A90032270C /* ProfileViewController.swift */,
			);
			path = Controllers;
			sourceTree = "<group>";
		};
		3A78AB34279456D20032270C /* Views */ = {
			isa = PBXGroup;
			children = (
				3A78AB45279493860032270C /* MainVC */,
				3A78AB51279752700032270C /* NewWorkoutVC */,
				3AE8969227A6622600D2DE7B /* StartWorkoutVC */,
				3AE8969D27A87B3A00D2DE7B /* TimerWorkoutVC */,
				3AE896A227ADACF500D2DE7B /* StatisticVC */,
				3AE896A827ADB3A300D2DE7B /* ProfileVC */,
				3AE8968F27A5708600D2DE7B /* Alerts */,
			);
			path = Views;
			sourceTree = "<group>";
		};
		3A78AB35279457070032270C /* Extensions */ = {
			isa = PBXGroup;
			children = (
				3A78AB36279457240032270C /* UIKit */,
				3AE8969527A6EBF500D2DE7B /* Date + Extensions.swift */,
				3AE8969E27A87C0B00D2DE7B /* Int + Extensions.swift */,
			);
			path = Extensions;
			sourceTree = "<group>";
		};
		3A78AB36279457240032270C /* UIKit */ = {
			isa = PBXGroup;
			children = (
				3A78AB38279458DB0032270C /* UIFont + Extensions.swift */,
				3A78AB3A279458F30032270C /* UIView + Extensions.swift */,
				3A78AB3C2794590A0032270C /* UIColor + Extensions.swift */,
				3A78AB3E279459210032270C /* UIStackView + Extensions.swift */,
				3A78AB4F279752170032270C /* UILabel + Extensions.swift */,
			);
			path = UIKit;
			sourceTree = "<group>";
		};
		3A78AB37279457350032270C /* Resources */ = {
			isa = PBXGroup;
			children = (
				3A78AB4027945F290032270C /* Fonts */,
				3A78AB26279410EF0032270C /* Assets.xcassets */,
				3A78AB28279410EF0032270C /* LaunchScreen.storyboard */,
				3A78AB2B279410EF0032270C /* Info.plist */,
			);
			path = Resources;
			sourceTree = "<group>";
		};
		3A78AB4027945F290032270C /* Fonts */ = {
			isa = PBXGroup;
			children = (
				3A78AB4127945F9C0032270C /* Roboto-Medium.ttf */,
				3A78AB4327945FAA0032270C /* Roboto-Bold.ttf */,
			);
			path = Fonts;
			sourceTree = "<group>";
		};
		3A78AB45279493860032270C /* MainVC */ = {
			isa = PBXGroup;
			children = (
				3A78AB482794A3630032270C /* Cells */,
				3A78AB46279493B40032270C /* CalendarView.swift */,
				3A78AB4B279746FD0032270C /* WeatherView.swift */,
			);
			path = MainVC;
			sourceTree = "<group>";
		};
		3A78AB482794A3630032270C /* Cells */ = {
			isa = PBXGroup;
			children = (
				3A78AB492794A3770032270C /* CalendarCollectionViewCell.swift */,
				3A78AB4D27974BEE0032270C /* WorkoutTableViewCell.swift */,
			);
			path = Cells;
			sourceTree = "<group>";
		};
		3A78AB51279752700032270C /* NewWorkoutVC */ = {
			isa = PBXGroup;
			children = (
				3A78AB522797529D0032270C /* DateAndRepeatView.swift */,
				3A78AB54279753DE0032270C /* RepsOrTimerView.swift */,
			);
			path = NewWorkoutVC;
			sourceTree = "<group>";
		};
		3AE8968A27A5628F00D2DE7B /* Services */ = {
			isa = PBXGroup;
			children = (
				3AE8968B27A562B000D2DE7B /* RealmManager.swift */,
			);
			path = Services;
			sourceTree = "<group>";
		};
		3AE8968F27A5708600D2DE7B /* Alerts */ = {
			isa = PBXGroup;
			children = (
				3AE8968D27A5707700D2DE7B /* SimpleAlert.swift */,
				3AE8969327A662DB00D2DE7B /* OkCancelAlert.swift */,
				3AE8969727A704B100D2DE7B /* CustomAlert.swift */,
			);
			path = Alerts;
			sourceTree = "<group>";
		};
		3AE8969227A6622600D2DE7B /* StartWorkoutVC */ = {
			isa = PBXGroup;
			children = (
				3AE8969027A6621600D2DE7B /* WorkoutParametersView.swift */,
			);
			path = StartWorkoutVC;
			sourceTree = "<group>";
		};
		3AE8969D27A87B3A00D2DE7B /* TimerWorkoutVC */ = {
			isa = PBXGroup;
			children = (
				3AE8969B27A87B1300D2DE7B /* TimerWorkoutParametersView.swift */,
			);
			path = TimerWorkoutVC;
			sourceTree = "<group>";
		};
		3AE896A227ADACF500D2DE7B /* StatisticVC */ = {
			isa = PBXGroup;
			children = (
				3AE896A327ADAD1900D2DE7B /* Cells */,
				3AE896A027ADACD800D2DE7B /* StatisticTableViewCell.swift */,
			);
			path = StatisticVC;
			sourceTree = "<group>";
		};
		3AE896A327ADAD1900D2DE7B /* Cells */ = {
			isa = PBXGroup;
			children = (
			);
			name = Cells;
			sourceTree = "<group>";
		};
		3AE896A827ADB3A300D2DE7B /* ProfileVC */ = {
			isa = PBXGroup;
			children = (
				3AE896A627ADB38C00D2DE7B /* ProfileCollectionViewCell.swift */,
			);
			path = ProfileVC;
			sourceTree = "<group>";
		};
/* End PBXGroup section */

/* Begin PBXNativeTarget section */
		3A78AB19279410E80032270C /* WorkOutApp */ = {
			isa = PBXNativeTarget;
			buildConfigurationList = 3A78AB2E279410EF0032270C /* Build configuration list for PBXNativeTarget "WorkOutApp" */;
			buildPhases = (
				3A78AB16279410E80032270C /* Sources */,
				3A78AB17279410E80032270C /* Frameworks */,
				3A78AB18279410E80032270C /* Resources */,
			);
			buildRules = (
			);
			dependencies = (
			);
			name = WorkOutApp;
			packageProductDependencies = (
				3AE8968427A54CFB00D2DE7B /* Realm */,
				3AE8968627A54CFB00D2DE7B /* RealmSwift */,
			);
			productName = WorkOutApp;
			productReference = 3A78AB1A279410E80032270C /* WorkOutApp.app */;
			productType = "com.apple.product-type.application";
		};
/* End PBXNativeTarget section */

/* Begin PBXProject section */
		3A78AB12279410E80032270C /* Project object */ = {
			isa = PBXProject;
			attributes = {
				BuildIndependentTargetsInParallel = 1;
				LastSwiftUpdateCheck = 1320;
				LastUpgradeCheck = 1320;
				TargetAttributes = {
					3A78AB19279410E80032270C = {
						CreatedOnToolsVersion = 13.2;
					};
				};
			};
			buildConfigurationList = 3A78AB15279410E80032270C /* Build configuration list for PBXProject "WorkOutApp" */;
			compatibilityVersion = "Xcode 13.0";
			developmentRegion = en;
			hasScannedForEncodings = 0;
			knownRegions = (
				en,
				Base,
			);
			mainGroup = 3A78AB11279410E80032270C;
			packageReferences = (
				3AE8968327A54CFB00D2DE7B /* XCRemoteSwiftPackageReference "realm-swift" */,
			);
			productRefGroup = 3A78AB1B279410E80032270C /* Products */;
			projectDirPath = "";
			projectRoot = "";
			targets = (
				3A78AB19279410E80032270C /* WorkOutApp */,
			);
		};
/* End PBXProject section */

/* Begin PBXResourcesBuildPhase section */
		3A78AB18279410E80032270C /* Resources */ = {
			isa = PBXResourcesBuildPhase;
			buildActionMask = 2147483647;
			files = (
				3A78AB2A279410EF0032270C /* LaunchScreen.storyboard in Resources */,
				3A78AB27279410EF0032270C /* Assets.xcassets in Resources */,
				3A78AB4427945FAA0032270C /* Roboto-Bold.ttf in Resources */,
				3A78AB4227945F9C0032270C /* Roboto-Medium.ttf in Resources */,
			);
			runOnlyForDeploymentPostprocessing = 0;
		};
/* End PBXResourcesBuildPhase section */

/* Begin PBXSourcesBuildPhase section */
		3A78AB16279410E80032270C /* Sources */ = {
			isa = PBXSourcesBuildPhase;
			buildActionMask = 2147483647;
			files = (
				3A78AB3B279458F30032270C /* UIView + Extensions.swift in Sources */,
				3AE8968927A552E100D2DE7B /* WorkoutModel.swift in Sources */,
				3A78AB39279458DB0032270C /* UIFont + Extensions.swift in Sources */,
				3A78AB50279752180032270C /* UILabel + Extensions.swift in Sources */,
				3A78AB47279493B50032270C /* CalendarView.swift in Sources */,
				3AE8968C27A562B000D2DE7B /* RealmManager.swift in Sources */,
				3AE8969A27A87A9500D2DE7B /* TimerWorkoutViewController.swift in Sources */,
				3AE8969627A6EBF500D2DE7B /* Date + Extensions.swift in Sources */,
				3AE8969C27A87B1300D2DE7B /* TimerWorkoutParametersView.swift in Sources */,
				3A78AB3F279459210032270C /* UIStackView + Extensions.swift in Sources */,
				3A78AB532797529D0032270C /* DateAndRepeatView.swift in Sources */,
				3A78AB5D279807A90032270C /* ProfileViewController.swift in Sources */,
				3A78AB4E27974BEE0032270C /* WorkoutTableViewCell.swift in Sources */,
				3A78AB22279410E80032270C /* MainViewController.swift in Sources */,
				3A78AB4C279746FD0032270C /* WeatherView.swift in Sources */,
				3A78AB61279864240032270C /* RepsWorkoutViewController.swift in Sources */,
				3A78AB572797E7080032270C /* NewWorkoutViewController.swift in Sources */,
				3A78AB59279807230032270C /* MainTabBarController.swift in Sources */,
				3AE896A727ADB38C00D2DE7B /* ProfileCollectionViewCell.swift in Sources */,
				3A78AB55279753DE0032270C /* RepsOrTimerView.swift in Sources */,
				3AE8968E27A5707700D2DE7B /* SimpleAlert.swift in Sources */,
				3AE896A527ADB35200D2DE7B /* UserModel.swift in Sources */,
				3AE8969F27A87C0B00D2DE7B /* Int + Extensions.swift in Sources */,
				3A78AB3D2794590A0032270C /* UIColor + Extensions.swift in Sources */,
				3AE8969127A6621600D2DE7B /* WorkoutParametersView.swift in Sources */,
				3A78AB4A2794A3770032270C /* CalendarCollectionViewCell.swift in Sources */,
				3A78AB5B2798079A0032270C /* StatisticViewController.swift in Sources */,
				3A78AB1E279410E80032270C /* AppDelegate.swift in Sources */,
				3AE896A127ADACD900D2DE7B /* StatisticTableViewCell.swift in Sources */,
				3AE8969827A704B100D2DE7B /* CustomAlert.swift in Sources */,
				3AE8969427A662DB00D2DE7B /* OkCancelAlert.swift in Sources */,
				3A78AB20279410E80032270C /* SceneDelegate.swift in Sources */,
			);
			runOnlyForDeploymentPostprocessing = 0;
		};
/* End PBXSourcesBuildPhase section */

/* Begin PBXVariantGroup section */
		3A78AB28279410EF0032270C /* LaunchScreen.storyboard */ = {
			isa = PBXVariantGroup;
			children = (
				3A78AB29279410EF0032270C /* Base */,
			);
			name = LaunchScreen.storyboard;
			sourceTree = "<group>";
		};
/* End PBXVariantGroup section */

/* Begin XCBuildConfiguration section */
		3A78AB2C279410EF0032270C /* Debug */ = {
			isa = XCBuildConfiguration;
			buildSettings = {
				ALWAYS_SEARCH_USER_PATHS = NO;
				CLANG_ANALYZER_NONNULL = YES;
				CLANG_ANALYZER_NUMBER_OBJECT_CONVERSION = YES_AGGRESSIVE;
				CLANG_CXX_LANGUAGE_STANDARD = "gnu++17";
				CLANG_CXX_LIBRARY = "libc++";
				CLANG_ENABLE_MODULES = YES;
				CLANG_ENABLE_OBJC_ARC = YES;
				CLANG_ENABLE_OBJC_WEAK = YES;
				CLANG_WARN_BLOCK_CAPTURE_AUTORELEASING = YES;
				CLANG_WARN_BOOL_CONVERSION = YES;
				CLANG_WARN_COMMA = YES;
				CLANG_WARN_CONSTANT_CONVERSION = YES;
				CLANG_WARN_DEPRECATED_OBJC_IMPLEMENTATIONS = YES;
				CLANG_WARN_DIRECT_OBJC_ISA_USAGE = YES_ERROR;
				CLANG_WARN_DOCUMENTATION_COMMENTS = YES;
				CLANG_WARN_EMPTY_BODY = YES;
				CLANG_WARN_ENUM_CONVERSION = YES;
				CLANG_WARN_INFINITE_RECURSION = YES;
				CLANG_WARN_INT_CONVERSION = YES;
				CLANG_WARN_NON_LITERAL_NULL_CONVERSION = YES;
				CLANG_WARN_OBJC_IMPLICIT_RETAIN_SELF = YES;
				CLANG_WARN_OBJC_LITERAL_CONVERSION = YES;
				CLANG_WARN_OBJC_ROOT_CLASS = YES_ERROR;
				CLANG_WARN_QUOTED_INCLUDE_IN_FRAMEWORK_HEADER = YES;
				CLANG_WARN_RANGE_LOOP_ANALYSIS = YES;
				CLANG_WARN_STRICT_PROTOTYPES = YES;
				CLANG_WARN_SUSPICIOUS_MOVE = YES;
				CLANG_WARN_UNGUARDED_AVAILABILITY = YES_AGGRESSIVE;
				CLANG_WARN_UNREACHABLE_CODE = YES;
				CLANG_WARN__DUPLICATE_METHOD_MATCH = YES;
				COPY_PHASE_STRIP = NO;
				DEBUG_INFORMATION_FORMAT = dwarf;
				ENABLE_STRICT_OBJC_MSGSEND = YES;
				ENABLE_TESTABILITY = YES;
				GCC_C_LANGUAGE_STANDARD = gnu11;
				GCC_DYNAMIC_NO_PIC = NO;
				GCC_NO_COMMON_BLOCKS = YES;
				GCC_OPTIMIZATION_LEVEL = 0;
				GCC_PREPROCESSOR_DEFINITIONS = (
					"DEBUG=1",
					"$(inherited)",
				);
				GCC_WARN_64_TO_32_BIT_CONVERSION = YES;
				GCC_WARN_ABOUT_RETURN_TYPE = YES_ERROR;
				GCC_WARN_UNDECLARED_SELECTOR = YES;
				GCC_WARN_UNINITIALIZED_AUTOS = YES_AGGRESSIVE;
				GCC_WARN_UNUSED_FUNCTION = YES;
				GCC_WARN_UNUSED_VARIABLE = YES;
				IPHONEOS_DEPLOYMENT_TARGET = 15.2;
				MTL_ENABLE_DEBUG_INFO = INCLUDE_SOURCE;
				MTL_FAST_MATH = YES;
				ONLY_ACTIVE_ARCH = YES;
				SDKROOT = iphoneos;
				SWIFT_ACTIVE_COMPILATION_CONDITIONS = DEBUG;
				SWIFT_OPTIMIZATION_LEVEL = "-Onone";
			};
			name = Debug;
		};
		3A78AB2D279410EF0032270C /* Release */ = {
			isa = XCBuildConfiguration;
			buildSettings = {
				ALWAYS_SEARCH_USER_PATHS = NO;
				CLANG_ANALYZER_NONNULL = YES;
				CLANG_ANALYZER_NUMBER_OBJECT_CONVERSION = YES_AGGRESSIVE;
				CLANG_CXX_LANGUAGE_STANDARD = "gnu++17";
				CLANG_CXX_LIBRARY = "libc++";
				CLANG_ENABLE_MODULES = YES;
				CLANG_ENABLE_OBJC_ARC = YES;
				CLANG_ENABLE_OBJC_WEAK = YES;
				CLANG_WARN_BLOCK_CAPTURE_AUTORELEASING = YES;
				CLANG_WARN_BOOL_CONVERSION = YES;
				CLANG_WARN_COMMA = YES;
				CLANG_WARN_CONSTANT_CONVERSION = YES;
				CLANG_WARN_DEPRECATED_OBJC_IMPLEMENTATIONS = YES;
				CLANG_WARN_DIRECT_OBJC_ISA_USAGE = YES_ERROR;
				CLANG_WARN_DOCUMENTATION_COMMENTS = YES;
				CLANG_WARN_EMPTY_BODY = YES;
				CLANG_WARN_ENUM_CONVERSION = YES;
				CLANG_WARN_INFINITE_RECURSION = YES;
				CLANG_WARN_INT_CONVERSION = YES;
				CLANG_WARN_NON_LITERAL_NULL_CONVERSION = YES;
				CLANG_WARN_OBJC_IMPLICIT_RETAIN_SELF = YES;
				CLANG_WARN_OBJC_LITERAL_CONVERSION = YES;
				CLANG_WARN_OBJC_ROOT_CLASS = YES_ERROR;
				CLANG_WARN_QUOTED_INCLUDE_IN_FRAMEWORK_HEADER = YES;
				CLANG_WARN_RANGE_LOOP_ANALYSIS = YES;
				CLANG_WARN_STRICT_PROTOTYPES = YES;
				CLANG_WARN_SUSPICIOUS_MOVE = YES;
				CLANG_WARN_UNGUARDED_AVAILABILITY = YES_AGGRESSIVE;
				CLANG_WARN_UNREACHABLE_CODE = YES;
				CLANG_WARN__DUPLICATE_METHOD_MATCH = YES;
				COPY_PHASE_STRIP = NO;
				DEBUG_INFORMATION_FORMAT = "dwarf-with-dsym";
				ENABLE_NS_ASSERTIONS = NO;
				ENABLE_STRICT_OBJC_MSGSEND = YES;
				GCC_C_LANGUAGE_STANDARD = gnu11;
				GCC_NO_COMMON_BLOCKS = YES;
				GCC_WARN_64_TO_32_BIT_CONVERSION = YES;
				GCC_WARN_ABOUT_RETURN_TYPE = YES_ERROR;
				GCC_WARN_UNDECLARED_SELECTOR = YES;
				GCC_WARN_UNINITIALIZED_AUTOS = YES_AGGRESSIVE;
				GCC_WARN_UNUSED_FUNCTION = YES;
				GCC_WARN_UNUSED_VARIABLE = YES;
				IPHONEOS_DEPLOYMENT_TARGET = 15.2;
				MTL_ENABLE_DEBUG_INFO = NO;
				MTL_FAST_MATH = YES;
				SDKROOT = iphoneos;
				SWIFT_COMPILATION_MODE = wholemodule;
				SWIFT_OPTIMIZATION_LEVEL = "-O";
				VALIDATE_PRODUCT = YES;
			};
			name = Release;
		};
		3A78AB2F279410EF0032270C /* Debug */ = {
			isa = XCBuildConfiguration;
			buildSettings = {
				ASSETCATALOG_COMPILER_APPICON_NAME = AppIcon;
				ASSETCATALOG_COMPILER_GLOBAL_ACCENT_COLOR_NAME = AccentColor;
				CODE_SIGN_STYLE = Automatic;
				CURRENT_PROJECT_VERSION = 1;
				DEVELOPMENT_TEAM = 8J73Q43L2S;
				GENERATE_INFOPLIST_FILE = YES;
				INFOPLIST_FILE = WorkOutApp/Resources/Info.plist;
				INFOPLIST_KEY_UIApplicationSupportsIndirectInputEvents = YES;
				INFOPLIST_KEY_UILaunchStoryboardName = LaunchScreen;
				INFOPLIST_KEY_UISupportedInterfaceOrientations = UIInterfaceOrientationPortrait;
				INFOPLIST_KEY_UISupportedInterfaceOrientations_iPad = "UIInterfaceOrientationPortrait UIInterfaceOrientationPortraitUpsideDown UIInterfaceOrientationLandscapeLeft UIInterfaceOrientationLandscapeRight";
				INFOPLIST_KEY_UISupportedInterfaceOrientations_iPhone = "UIInterfaceOrientationPortrait UIInterfaceOrientationLandscapeLeft UIInterfaceOrientationLandscapeRight";
				LD_RUNPATH_SEARCH_PATHS = (
					"$(inherited)",
					"@executable_path/Frameworks",
				);
				MARKETING_VERSION = 1.0;
				PRODUCT_BUNDLE_IDENTIFIER = lt.1011.WorkOutApp;
				PRODUCT_NAME = "$(TARGET_NAME)";
				SWIFT_EMIT_LOC_STRINGS = YES;
				SWIFT_VERSION = 5.0;
				TARGETED_DEVICE_FAMILY = 1;
			};
			name = Debug;
		};
		3A78AB30279410EF0032270C /* Release */ = {
			isa = XCBuildConfiguration;
			buildSettings = {
				ASSETCATALOG_COMPILER_APPICON_NAME = AppIcon;
				ASSETCATALOG_COMPILER_GLOBAL_ACCENT_COLOR_NAME = AccentColor;
				CODE_SIGN_STYLE = Automatic;
				CURRENT_PROJECT_VERSION = 1;
				DEVELOPMENT_TEAM = 8J73Q43L2S;
				GENERATE_INFOPLIST_FILE = YES;
				INFOPLIST_FILE = WorkOutApp/Resources/Info.plist;
				INFOPLIST_KEY_UIApplicationSupportsIndirectInputEvents = YES;
				INFOPLIST_KEY_UILaunchStoryboardName = LaunchScreen;
				INFOPLIST_KEY_UISupportedInterfaceOrientations = UIInterfaceOrientationPortrait;
				INFOPLIST_KEY_UISupportedInterfaceOrientations_iPad = "UIInterfaceOrientationPortrait UIInterfaceOrientationPortraitUpsideDown UIInterfaceOrientationLandscapeLeft UIInterfaceOrientationLandscapeRight";
				INFOPLIST_KEY_UISupportedInterfaceOrientations_iPhone = "UIInterfaceOrientationPortrait UIInterfaceOrientationLandscapeLeft UIInterfaceOrientationLandscapeRight";
				LD_RUNPATH_SEARCH_PATHS = (
					"$(inherited)",
					"@executable_path/Frameworks",
				);
				MARKETING_VERSION = 1.0;
				PRODUCT_BUNDLE_IDENTIFIER = lt.1011.WorkOutApp;
				PRODUCT_NAME = "$(TARGET_NAME)";
				SWIFT_EMIT_LOC_STRINGS = YES;
				SWIFT_VERSION = 5.0;
				TARGETED_DEVICE_FAMILY = 1;
			};
			name = Release;
		};
/* End XCBuildConfiguration section */

/* Begin XCConfigurationList section */
		3A78AB15279410E80032270C /* Build configuration list for PBXProject "WorkOutApp" */ = {
			isa = XCConfigurationList;
			buildConfigurations = (
				3A78AB2C279410EF0032270C /* Debug */,
				3A78AB2D279410EF0032270C /* Release */,
			);
			defaultConfigurationIsVisible = 0;
			defaultConfigurationName = Release;
		};
		3A78AB2E279410EF0032270C /* Build configuration list for PBXNativeTarget "WorkOutApp" */ = {
			isa = XCConfigurationList;
			buildConfigurations = (
				3A78AB2F279410EF0032270C /* Debug */,
				3A78AB30279410EF0032270C /* Release */,
			);
			defaultConfigurationIsVisible = 0;
			defaultConfigurationName = Release;
		};
/* End XCConfigurationList section */

/* Begin XCRemoteSwiftPackageReference section */
		3AE8968327A54CFB00D2DE7B /* XCRemoteSwiftPackageReference "realm-swift" */ = {
			isa = XCRemoteSwiftPackageReference;
			repositoryURL = "https://github.com/realm/realm-swift.git";
			requirement = {
				kind = upToNextMajorVersion;
				minimumVersion = 10.19.0;
			};
		};
/* End XCRemoteSwiftPackageReference section */

/* Begin XCSwiftPackageProductDependency section */
		3AE8968427A54CFB00D2DE7B /* Realm */ = {
			isa = XCSwiftPackageProductDependency;
			package = 3AE8968327A54CFB00D2DE7B /* XCRemoteSwiftPackageReference "realm-swift" */;
			productName = Realm;
		};
		3AE8968627A54CFB00D2DE7B /* RealmSwift */ = {
			isa = XCSwiftPackageProductDependency;
			package = 3AE8968327A54CFB00D2DE7B /* XCRemoteSwiftPackageReference "realm-swift" */;
			productName = RealmSwift;
		};
/* End XCSwiftPackageProductDependency section */
	};
	rootObject = 3A78AB12279410E80032270C /* Project object */;
}
